
Microsoft Visual Studio Solution File, Format Version 12.00
# Visual Studio Version 17
VisualStudioVersion = 17.0.31903.59
MinimumVisualStudioVersion = 10.0.40219.1
Project("{2150E333-8FDC-42A3-9474-1A3956D46DE8}") = "Src", "Src", "{E2FBD81F-89DD-4C5A-B020-712AF6975AD4}"
EndProject
Project("{FAE04EC0-301F-11D3-BF4B-00C04F79EFBC}") = "WinEjectDisk.Src.Core", "Src\Core\WinEjectDisk.Src.Core.csproj", "{515E841F-EED0-4721-9E09-DD72A563E9C8}"
EndProject
Project("{FAE04EC0-301F-11D3-BF4B-00C04F79EFBC}") = "WinEjectDisk.Src.App", "Src\App\WinEjectDisk.Src.App.csproj", "{B480A121-F9A6-4CBF-8415-86BFE348D75B}"
EndProject
Project("{2150E333-8FDC-42A3-9474-1A3956D46DE8}") = "Tests", "Tests", "{40691B2E-4440-4CEE-A5D5-FC3601D3FABA}"
EndProject
Project("{FAE04EC0-301F-11D3-BF4B-00C04F79EFBC}") = "WinEjectDisk.Tests.Core", "Tests\Core\WinEjectDisk.Tests.Core.csproj", "{F4F5B2A4-4813-4967-9FEF-154AB20069BA}"
EndProject
Global
	GlobalSection(SolutionProperties) = preSolution
		HideSolutionNode = FALSE
	EndGlobalSection
	GlobalSection(SolutionConfigurationPlatforms) = preSolution
		Debug|Any CPU = Debug|Any CPU
		Debug|x64 = Debug|x64
		Debug|x86 = Debug|x86
		Release|Any CPU = Release|Any CPU
		Release|x64 = Release|x64
		Release|x86 = Release|x86
	EndGlobalSection
	GlobalSection(ProjectConfigurationPlatforms) = postSolution
		{515E841F-EED0-4721-9E09-DD72A563E9C8}.Debug|Any CPU.ActiveCfg = Debug|Any CPU
		{515E841F-EED0-4721-9E09-DD72A563E9C8}.Debug|Any CPU.Build.0 = Debug|Any CPU
		{515E841F-EED0-4721-9E09-DD72A563E9C8}.Debug|x64.ActiveCfg = Debug|Any CPU
		{515E841F-EED0-4721-9E09-DD72A563E9C8}.Debug|x64.Build.0 = Debug|Any CPU
		{515E841F-EED0-4721-9E09-DD72A563E9C8}.Debug|x86.ActiveCfg = Debug|Any CPU
		{515E841F-EED0-4721-9E09-DD72A563E9C8}.Debug|x86.Build.0 = Debug|Any CPU
		{515E841F-EED0-4721-9E09-DD72A563E9C8}.Release|Any CPU.ActiveCfg = Release|Any CPU
		{515E841F-EED0-4721-9E09-DD72A563E9C8}.Release|Any CPU.Build.0 = Release|Any CPU
		{515E841F-EED0-4721-9E09-DD72A563E9C8}.Release|x64.ActiveCfg = Release|Any CPU
		{515E841F-EED0-4721-9E09-DD72A563E9C8}.Release|x64.Build.0 = Release|Any CPU
		{515E841F-EED0-4721-9E09-DD72A563E9C8}.Release|x86.ActiveCfg = Release|Any CPU
		{515E841F-EED0-4721-9E09-DD72A563E9C8}.Release|x86.Build.0 = Release|Any CPU
		{B480A121-F9A6-4CBF-8415-86BFE348D75B}.Debug|Any CPU.ActiveCfg = Debug|Any CPU
		{B480A121-F9A6-4CBF-8415-86BFE348D75B}.Debug|Any CPU.Build.0 = Debug|Any CPU
		{B480A121-F9A6-4CBF-8415-86BFE348D75B}.Debug|x64.ActiveCfg = Debug|Any CPU
		{B480A121-F9A6-4CBF-8415-86BFE348D75B}.Debug|x64.Build.0 = Debug|Any CPU
		{B480A121-F9A6-4CBF-8415-86BFE348D75B}.Debug|x86.ActiveCfg = Debug|Any CPU
		{B480A121-F9A6-4CBF-8415-86BFE348D75B}.Debug|x86.Build.0 = Debug|Any CPU
		{B480A121-F9A6-4CBF-8415-86BFE348D75B}.Release|Any CPU.ActiveCfg = Release|Any CPU
		{B480A121-F9A6-4CBF-8415-86BFE348D75B}.Release|Any CPU.Build.0 = Release|Any CPU
		{B480A121-F9A6-4CBF-8415-86BFE348D75B}.Release|x64.ActiveCfg = Release|Any CPU
		{B480A121-F9A6-4CBF-8415-86BFE348D75B}.Release|x64.Build.0 = Release|Any CPU
		{B480A121-F9A6-4CBF-8415-86BFE348D75B}.Release|x86.ActiveCfg = Release|Any CPU
		{B480A121-F9A6-4CBF-8415-86BFE348D75B}.Release|x86.Build.0 = Release|Any CPU
		{F4F5B2A4-4813-4967-9FEF-154AB20069BA}.Debug|Any CPU.ActiveCfg = Debug|Any CPU
		{F4F5B2A4-4813-4967-9FEF-154AB20069BA}.Debug|Any CPU.Build.0 = Debug|Any CPU
		{F4F5B2A4-4813-4967-9FEF-154AB20069BA}.Debug|x64.ActiveCfg = Debug|Any CPU
		{F4F5B2A4-4813-4967-9FEF-154AB20069BA}.Debug|x64.Build.0 = Debug|Any CPU
		{F4F5B2A4-4813-4967-9FEF-154AB20069BA}.Debug|x86.ActiveCfg = Debug|Any CPU
		{F4F5B2A4-4813-4967-9FEF-154AB20069BA}.Debug|x86.Build.0 = Debug|Any CPU
		{F4F5B2A4-4813-4967-9FEF-154AB20069BA}.Release|Any CPU.ActiveCfg = Release|Any CPU
		{F4F5B2A4-4813-4967-9FEF-154AB20069BA}.Release|Any CPU.Build.0 = Release|Any CPU
		{F4F5B2A4-4813-4967-9FEF-154AB20069BA}.Release|x64.ActiveCfg = Release|Any CPU
		{F4F5B2A4-4813-4967-9FEF-154AB20069BA}.Release|x64.Build.0 = Release|Any CPU
		{F4F5B2A4-4813-4967-9FEF-154AB20069BA}.Release|x86.ActiveCfg = Release|Any CPU
		{F4F5B2A4-4813-4967-9FEF-154AB20069BA}.Release|x86.Build.0 = Release|Any CPU
	EndGlobalSection
	GlobalSection(NestedProjects) = preSolution
		{515E841F-EED0-4721-9E09-DD72A563E9C8} = {E2FBD81F-89DD-4C5A-B020-712AF6975AD4}
		{B480A121-F9A6-4CBF-8415-86BFE348D75B} = {E2FBD81F-89DD-4C5A-B020-712AF6975AD4}
		{F4F5B2A4-4813-4967-9FEF-154AB20069BA} = {40691B2E-4440-4CEE-A5D5-FC3601D3FABA}
	EndGlobalSection
EndGlobal
